Microsoft Visual Studio Solution File, Format Version 11.00
# Visual Studio 2008

Project("{95A12173-F7A2-DE72-EAAE-813DE2A66276}") = "TestCon", "Assembly-CSharp.csproj", "{5F7A4BF1-54E9-D9CB-12B6-3285822B71E1}"
EndProject
Global
	GlobalSection(SolutionConfigurationPlatforms) = preSolution
		Debug|Any CPU = Debug|Any CPU
		Release|Any CPU = Release|Any CPU
	EndGlobalSection
	GlobalSection(ProjectConfigurationPlatforms) = postSolution
		{5F7A4BF1-54E9-D9CB-12B6-3285822B71E1}.Debug|Any CPU.ActiveCfg = Debug|Any CPU
		{5F7A4BF1-54E9-D9CB-12B6-3285822B71E1}.Debug|Any CPU.Build.0 = Debug|Any CPU
		{5F7A4BF1-54E9-D9CB-12B6-3285822B71E1}.Release|Any CPU.ActiveCfg = Release|Any CPU
		{5F7A4BF1-54E9-D9CB-12B6-3285822B71E1}.Release|Any CPU.Build.0 = Release|Any CPU
	EndGlobalSection
	GlobalSection(SolutionProperties) = preSolution
		HideSolutionNode = FALSE
	EndGlobalSection
	GlobalSection(MonoDevelopProperties) = preSolution
		StartupItem = Assembly-CSharp.csproj
	EndGlobalSection
EndGlobal
