
Microsoft Visual Studio Solution File, Format Version 12.00
# Visual Studio 2015
Project("{FAE04EC0-301F-11D3-BF4B-00C04F79EFBC}") = "TestCon.CSharp", "TestCon.CSharp.csproj", "{EF8B7ECE-9846-38AA-F1AC-35DB4C2A8CA3}"
EndProject
Global
	GlobalSection(SolutionConfigurationPlatforms) = preSolution
		Debug|Any CPU = Debug|Any CPU
		Release|Any CPU = Release|Any CPU
	EndGlobalSection
	GlobalSection(ProjectConfigurationPlatforms) = postSolution
		{EF8B7ECE-9846-38AA-F1AC-35DB4C2A8CA3}.Debug|Any CPU.ActiveCfg = Debug|Any CPU
		{EF8B7ECE-9846-38AA-F1AC-35DB4C2A8CA3}.Debug|Any CPU.Build.0 = Debug|Any CPU
		{EF8B7ECE-9846-38AA-F1AC-35DB4C2A8CA3}.Release|Any CPU.ActiveCfg = Release|Any CPU
		{EF8B7ECE-9846-38AA-F1AC-35DB4C2A8CA3}.Release|Any CPU.Build.0 = Release|Any CPU
	EndGlobalSection
	GlobalSection(SolutionProperties) = preSolution
		HideSolutionNode = FALSE
	EndGlobalSection
EndGlobal
