Microsoft Visual Studio Solution File, Format Version 11.00
# Visual Studio 2008

Project("{9F121C8F-DE86-CB49-0982-744AA3EAE883}") = "LawOfLife", "Assembly-CSharp-firstpass.csproj", "{648C745C-D87A-DB79-E337-4B5495EB0ADB}"
EndProject
Project("{9F121C8F-DE86-CB49-0982-744AA3EAE883}") = "LawOfLife", "Assembly-CSharp.csproj", "{7960335F-2AA5-40F1-0E03-CB284ECD092F}"
EndProject
Global
	GlobalSection(SolutionConfigurationPlatforms) = preSolution
		Debug|Any CPU = Debug|Any CPU
		Release|Any CPU = Release|Any CPU
	EndGlobalSection
	GlobalSection(ProjectConfigurationPlatforms) = postSolution
		{648C745C-D87A-DB79-E337-4B5495EB0ADB}.Debug|Any CPU.ActiveCfg = Debug|Any CPU
		{648C745C-D87A-DB79-E337-4B5495EB0ADB}.Debug|Any CPU.Build.0 = Debug|Any CPU
		{648C745C-D87A-DB79-E337-4B5495EB0ADB}.Release|Any CPU.ActiveCfg = Release|Any CPU
		{648C745C-D87A-DB79-E337-4B5495EB0ADB}.Release|Any CPU.Build.0 = Release|Any CPU
		{7960335F-2AA5-40F1-0E03-CB284ECD092F}.Debug|Any CPU.ActiveCfg = Debug|Any CPU
		{7960335F-2AA5-40F1-0E03-CB284ECD092F}.Debug|Any CPU.Build.0 = Debug|Any CPU
		{7960335F-2AA5-40F1-0E03-CB284ECD092F}.Release|Any CPU.ActiveCfg = Release|Any CPU
		{7960335F-2AA5-40F1-0E03-CB284ECD092F}.Release|Any CPU.Build.0 = Release|Any CPU
	EndGlobalSection
	GlobalSection(SolutionProperties) = preSolution
		HideSolutionNode = FALSE
	EndGlobalSection
	GlobalSection(MonoDevelopProperties) = preSolution
		StartupItem = Assembly-CSharp.csproj
	EndGlobalSection
EndGlobal
