
Microsoft Visual Studio Solution File, Format Version 12.00
# Visual Studio 2015
Project("{FAE04EC0-301F-11D3-BF4B-00C04F79EFBC}") = "LawOfLife.CSharp.Plugins", "LawOfLife.CSharp.Plugins.csproj", "{B38430EA-1B4B-6BD9-9B9A-D634A4C58316}"
EndProject
Project("{FAE04EC0-301F-11D3-BF4B-00C04F79EFBC}") = "LawOfLife.CSharp", "LawOfLife.CSharp.csproj", "{BBD7B553-F260-BFF3-77DB-EE9F759A7C04}"
EndProject
Global
	GlobalSection(SolutionConfigurationPlatforms) = preSolution
		Debug|Any CPU = Debug|Any CPU
		Release|Any CPU = Release|Any CPU
	EndGlobalSection
	GlobalSection(ProjectConfigurationPlatforms) = postSolution
		{B38430EA-1B4B-6BD9-9B9A-D634A4C58316}.Debug|Any CPU.ActiveCfg = Debug|Any CPU
		{B38430EA-1B4B-6BD9-9B9A-D634A4C58316}.Debug|Any CPU.Build.0 = Debug|Any CPU
		{B38430EA-1B4B-6BD9-9B9A-D634A4C58316}.Release|Any CPU.ActiveCfg = Release|Any CPU
		{B38430EA-1B4B-6BD9-9B9A-D634A4C58316}.Release|Any CPU.Build.0 = Release|Any CPU
		{BBD7B553-F260-BFF3-77DB-EE9F759A7C04}.Debug|Any CPU.ActiveCfg = Debug|Any CPU
		{BBD7B553-F260-BFF3-77DB-EE9F759A7C04}.Debug|Any CPU.Build.0 = Debug|Any CPU
		{BBD7B553-F260-BFF3-77DB-EE9F759A7C04}.Release|Any CPU.ActiveCfg = Release|Any CPU
		{BBD7B553-F260-BFF3-77DB-EE9F759A7C04}.Release|Any CPU.Build.0 = Release|Any CPU
	EndGlobalSection
	GlobalSection(SolutionProperties) = preSolution
		HideSolutionNode = FALSE
	EndGlobalSection
EndGlobal
