Microsoft Visual Studio Solution File, Format Version 11.00
# Visual Studio 2008

Project("{EC8DBBA2-33A5-CFB7-1387-9722BFCE2798}") = "moneyrecord", "Assembly-CSharp-firstpass.csproj", "{6539218B-6500-18E5-7571-EC5D26EC9E31}"
EndProject
Project("{EC8DBBA2-33A5-CFB7-1387-9722BFCE2798}") = "moneyrecord", "Assembly-CSharp.csproj", "{89F95822-CCCE-1ABB-8306-17F5CC62C319}"
EndProject
Global
	GlobalSection(SolutionConfigurationPlatforms) = preSolution
		Debug|Any CPU = Debug|Any CPU
		Release|Any CPU = Release|Any CPU
	EndGlobalSection
	GlobalSection(ProjectConfigurationPlatforms) = postSolution
		{6539218B-6500-18E5-7571-EC5D26EC9E31}.Debug|Any CPU.ActiveCfg = Debug|Any CPU
		{6539218B-6500-18E5-7571-EC5D26EC9E31}.Debug|Any CPU.Build.0 = Debug|Any CPU
		{6539218B-6500-18E5-7571-EC5D26EC9E31}.Release|Any CPU.ActiveCfg = Release|Any CPU
		{6539218B-6500-18E5-7571-EC5D26EC9E31}.Release|Any CPU.Build.0 = Release|Any CPU
		{89F95822-CCCE-1ABB-8306-17F5CC62C319}.Debug|Any CPU.ActiveCfg = Debug|Any CPU
		{89F95822-CCCE-1ABB-8306-17F5CC62C319}.Debug|Any CPU.Build.0 = Debug|Any CPU
		{89F95822-CCCE-1ABB-8306-17F5CC62C319}.Release|Any CPU.ActiveCfg = Release|Any CPU
		{89F95822-CCCE-1ABB-8306-17F5CC62C319}.Release|Any CPU.Build.0 = Release|Any CPU
	EndGlobalSection
	GlobalSection(SolutionProperties) = preSolution
		HideSolutionNode = FALSE
	EndGlobalSection
	GlobalSection(MonoDevelopProperties) = preSolution
		StartupItem = Assembly-CSharp.csproj
	EndGlobalSection
EndGlobal
