
Microsoft Visual Studio Solution File, Format Version 12.00
# Visual Studio 2015
Project("{FAE04EC0-301F-11D3-BF4B-00C04F79EFBC}") = "moneyrecord.CSharp.Plugins", "moneyrecord.CSharp.Plugins.csproj", "{6542979A-94DF-D17D-A5F7-BAD67B444E7A}"
EndProject
Project("{FAE04EC0-301F-11D3-BF4B-00C04F79EFBC}") = "moneyrecord.CSharp", "moneyrecord.CSharp.csproj", "{A32E7E3B-699F-B915-4505-318D497FA2DF}"
EndProject
Global
	GlobalSection(SolutionConfigurationPlatforms) = preSolution
		Debug|Any CPU = Debug|Any CPU
		Release|Any CPU = Release|Any CPU
	EndGlobalSection
	GlobalSection(ProjectConfigurationPlatforms) = postSolution
		{6542979A-94DF-D17D-A5F7-BAD67B444E7A}.Debug|Any CPU.ActiveCfg = Debug|Any CPU
		{6542979A-94DF-D17D-A5F7-BAD67B444E7A}.Debug|Any CPU.Build.0 = Debug|Any CPU
		{6542979A-94DF-D17D-A5F7-BAD67B444E7A}.Release|Any CPU.ActiveCfg = Release|Any CPU
		{6542979A-94DF-D17D-A5F7-BAD67B444E7A}.Release|Any CPU.Build.0 = Release|Any CPU
		{A32E7E3B-699F-B915-4505-318D497FA2DF}.Debug|Any CPU.ActiveCfg = Debug|Any CPU
		{A32E7E3B-699F-B915-4505-318D497FA2DF}.Debug|Any CPU.Build.0 = Debug|Any CPU
		{A32E7E3B-699F-B915-4505-318D497FA2DF}.Release|Any CPU.ActiveCfg = Release|Any CPU
		{A32E7E3B-699F-B915-4505-318D497FA2DF}.Release|Any CPU.Build.0 = Release|Any CPU
	EndGlobalSection
	GlobalSection(SolutionProperties) = preSolution
		HideSolutionNode = FALSE
	EndGlobalSection
EndGlobal
